
Microsoft Visual Studio Solution File, Format Version 12.00
# Visual Studio Version 17
VisualStudioVersion = 17.4.33110.190
MinimumVisualStudioVersion = 10.0.40219.1
Project("{FAE04EC0-301F-11D3-BF4B-00C04F79EFBC}") = "PjVanessaRossetto", "PjVanessaRossetto\PjVanessaRossetto.csproj", "{DB64512C-6B3E-411F-8398-FF5BBCC9CF29}"
EndProject
Global
	GlobalSection(SolutionConfigurationPlatforms) = preSolution
		Debug|Any CPU = Debug|Any CPU
		Release|Any CPU = Release|Any CPU
	EndGlobalSection
	GlobalSection(ProjectConfigurationPlatforms) = postSolution
		{DB64512C-6B3E-411F-8398-FF5BBCC9CF29}.Debug|Any CPU.ActiveCfg = Debug|Any CPU
		{DB64512C-6B3E-411F-8398-FF5BBCC9CF29}.Debug|Any CPU.Build.0 = Debug|Any CPU
		{DB64512C-6B3E-411F-8398-FF5BBCC9CF29}.Release|Any CPU.ActiveCfg = Release|Any CPU
		{DB64512C-6B3E-411F-8398-FF5BBCC9CF29}.Release|Any CPU.Build.0 = Release|Any CPU
	EndGlobalSection
	GlobalSection(SolutionProperties) = preSolution
		HideSolutionNode = FALSE
	EndGlobalSection
	GlobalSection(ExtensibilityGlobals) = postSolution
		SolutionGuid = {2351E811-7412-4176-8761-135DAA93362A}
	EndGlobalSection
EndGlobal
